<?xml version="1.0" encoding="utf-8"?>
<Project ToolsVersion="4.0" xmlns="http://schemas.microsoft.com/developer/msbuild/2003">
  <ItemGroup>
    <Filter Include="소스 파일">
      <UniqueIdentifier>{4FC737F1-C7A5-4376-A066-2A32D752A2FF}</UniqueIdentifier>
      <Extensions>cpp;c;cc;cxx;c++;cppm;ixx;def;odl;idl;hpj;bat;asm;asmx</Extensions>
    </Filter>
    <Filter Include="리소스 파일">
      <UniqueIdentifier>{67DA6AB6-F800-4c08-8B7A-83BB121AAD01}</UniqueIdentifier>
      <Extensions>rc;ico;cur;bmp;dlg;rc2;rct;bin;rgs;gif;jpg;jpeg;jpe;resx;tiff;tif;png;wav;mfcribbon-ms</Extensions>
    </Filter>
    <Filter Include="소스 파일\Header">
      <UniqueIdentifier>{81b5c367-5e83-43f1-9f32-d8a7bda358bb}</UniqueIdentifier>
    </Filter>
    <Filter Include="소스 파일\Object">
      <UniqueIdentifier>{d81da997-84ac-47f9-9a45-5f54daecfed3}</UniqueIdentifier>
    </Filter>
    <Filter Include="소스 파일\Object\Add">
      <UniqueIdentifier>{444d22c3-b3c1-4ce5-a9bd-6f8722807a5c}</UniqueIdentifier>
    </Filter>
    <Filter Include="소스 파일\Object\Add\Character">
      <UniqueIdentifier>{8f92dbe4-6064-4676-bdc6-448518657a31}</UniqueIdentifier>
    </Filter>
    <Filter Include="소스 파일\Manager">
      <UniqueIdentifier>{a3dd71fe-e27c-45e6-9bd6-9590b2052b01}</UniqueIdentifier>
    </Filter>
    <Filter Include="소스 파일\Sequence%28Scene%29">
      <UniqueIdentifier>{f93ca5ac-b565-4a5b-a1e9-777eea21f1e7}</UniqueIdentifier>
    </Filter>
    <Filter Include="소스 파일\Object\Add\Attack">
      <UniqueIdentifier>{b6a59f9c-63c5-429e-b255-a3511ec20e47}</UniqueIdentifier>
    </Filter>
    <Filter Include="소스 파일\Skill">
      <UniqueIdentifier>{f385d584-4b07-4dd2-8ae3-3028a0a83457}</UniqueIdentifier>
    </Filter>
  </ItemGroup>
  <ItemGroup>
    <ClCompile Include="SecondProject.cpp">
      <Filter>소스 파일</Filter>
    </ClCompile>
    <ClCompile Include="pch.cpp">
      <Filter>소스 파일\Header</Filter>
    </ClCompile>
    <ClCompile Include="Object.cpp">
      <Filter>소스 파일\Object</Filter>
    </ClCompile>
    <ClCompile Include="Player.cpp">
      <Filter>소스 파일\Object\Add</Filter>
    </ClCompile>
    <ClCompile Include="Monster.cpp">
      <Filter>소스 파일\Object\Add</Filter>
    </ClCompile>
    <ClCompile Include="Warrior.cpp">
      <Filter>소스 파일\Object\Add\Character</Filter>
    </ClCompile>
    <ClCompile Include="Wizard.cpp">
      <Filter>소스 파일\Object\Add\Character</Filter>
    </ClCompile>
    <ClCompile Include="ObjectManager.cpp">
      <Filter>소스 파일\Manager</Filter>
    </ClCompile>
    <ClCompile Include="Sequence.cpp">
      <Filter>소스 파일\Sequence%28Scene%29</Filter>
    </ClCompile>
    <ClCompile Include="MainSequence.cpp">
      <Filter>소스 파일\Sequence%28Scene%29</Filter>
    </ClCompile>
    <ClCompile Include="Game.cpp">
      <Filter>소스 파일</Filter>
    </ClCompile>
    <ClCompile Include="BattleManager.cpp">
      <Filter>소스 파일\Manager</Filter>
    </ClCompile>
    <ClCompile Include="BattleSequence.cpp">
      <Filter>소스 파일\Sequence%28Scene%29</Filter>
    </ClCompile>
    <ClCompile Include="MemoryPool.cpp">
      <Filter>소스 파일\Manager</Filter>
    </ClCompile>
    <ClCompile Include="StartSequence.cpp">
      <Filter>소스 파일\Sequence%28Scene%29</Filter>
    </ClCompile>
    <ClCompile Include="ReadingManager.cpp">
      <Filter>소스 파일\Manager</Filter>
    </ClCompile>
    <ClCompile Include="IsAttack.cpp">
      <Filter>소스 파일\Object\Add\Attack</Filter>
    </ClCompile>
    <ClCompile Include="MeleeAttack.cpp">
      <Filter>소스 파일\Object\Add\Attack</Filter>
    </ClCompile>
    <ClCompile Include="ISkill.cpp">
      <Filter>소스 파일\Skill</Filter>
    </ClCompile>
  </ItemGroup>
  <ItemGroup>
    <ClInclude Include="pch.h">
      <Filter>소스 파일\Header</Filter>
    </ClInclude>
    <ClInclude Include="Object.h">
      <Filter>소스 파일\Object</Filter>
    </ClInclude>
    <ClInclude Include="Player.h">
      <Filter>소스 파일\Object\Add</Filter>
    </ClInclude>
    <ClInclude Include="Types.h">
      <Filter>소스 파일\Header</Filter>
    </ClInclude>
    <ClInclude Include="Monster.h">
      <Filter>소스 파일\Object\Add</Filter>
    </ClInclude>
    <ClInclude Include="Defines.h">
      <Filter>소스 파일\Header</Filter>
    </ClInclude>
    <ClInclude Include="Warrior.h">
      <Filter>소스 파일\Object\Add\Character</Filter>
    </ClInclude>
    <ClInclude Include="Wizard.h">
      <Filter>소스 파일\Object\Add\Character</Filter>
    </ClInclude>
    <ClInclude Include="ObjectManager.h">
      <Filter>소스 파일\Manager</Filter>
    </ClInclude>
    <ClInclude Include="Sequence.h">
      <Filter>소스 파일\Sequence%28Scene%29</Filter>
    </ClInclude>
    <ClInclude Include="MainSequence.h">
      <Filter>소스 파일\Sequence%28Scene%29</Filter>
    </ClInclude>
    <ClInclude Include="Game.h">
      <Filter>소스 파일</Filter>
    </ClInclude>
    <ClInclude Include="BattleManager.h">
      <Filter>소스 파일\Manager</Filter>
    </ClInclude>
    <ClInclude Include="BattleSequence.h">
      <Filter>소스 파일\Sequence%28Scene%29</Filter>
    </ClInclude>
    <ClInclude Include="MemoryPool.h">
      <Filter>소스 파일\Manager</Filter>
    </ClInclude>
    <ClInclude Include="StartSequence.h">
      <Filter>소스 파일\Sequence%28Scene%29</Filter>
    </ClInclude>
    <ClInclude Include="ReadingManager.h">
      <Filter>소스 파일\Manager</Filter>
    </ClInclude>
    <ClInclude Include="IsAttack.h">
      <Filter>소스 파일\Object\Add\Attack</Filter>
    </ClInclude>
    <ClInclude Include="MeleeAttack.h">
      <Filter>소스 파일\Object\Add\Attack</Filter>
    </ClInclude>
    <ClInclude Include="ISkill.h">
      <Filter>소스 파일\Skill</Filter>
    </ClInclude>
  </ItemGroup>
</Project>